
Microsoft Visual Studio Solution File, Format Version 12.00
# Visual Studio Version 17
VisualStudioVersion = 17.10.35004.147
MinimumVisualStudioVersion = 10.0.40219.1
Project("{FAE04EC0-301F-11D3-BF4B-00C04F79EFBC}") = "metodosvirtuales", "metodosvirtuales\metodosvirtuales.csproj", "{AF34353B-FBC6-4140-A526-A886988A64CC}"
EndProject
Global
	GlobalSection(SolutionConfigurationPlatforms) = preSolution
		Debug|Any CPU = Debug|Any CPU
		Release|Any CPU = Release|Any CPU
	EndGlobalSection
	GlobalSection(ProjectConfigurationPlatforms) = postSolution
		{AF34353B-FBC6-4140-A526-A886988A64CC}.Debug|Any CPU.ActiveCfg = Debug|Any CPU
		{AF34353B-FBC6-4140-A526-A886988A64CC}.Debug|Any CPU.Build.0 = Debug|Any CPU
		{AF34353B-FBC6-4140-A526-A886988A64CC}.Release|Any CPU.ActiveCfg = Release|Any CPU
		{AF34353B-FBC6-4140-A526-A886988A64CC}.Release|Any CPU.Build.0 = Release|Any CPU
	EndGlobalSection
	GlobalSection(SolutionProperties) = preSolution
		HideSolutionNode = FALSE
	EndGlobalSection
	GlobalSection(ExtensibilityGlobals) = postSolution
		SolutionGuid = {768A6DC1-F2C8-40B1-B519-6EFB2F7147D1}
	EndGlobalSection
EndGlobal
